// !$*UTF8*$!
{
	archiveVersion = 1;
	classes = {
	};
	objectVersion = 48;
	objects = {

/* Begin PBXBuildFile section */
		ED70EDAB1FAA262000F23E8A /* AppDelegate.swift in Sources */ = {isa = PBXBuildFile; fileRef = ED70EDAA1FAA262000F23E8A /* AppDelegate.swift */; };
		ED70EDAD1FAA262000F23E8A /* ViewController.swift in Sources */ = {isa = PBXBuildFile; fileRef = ED70EDAC1FAA262000F23E8A /* ViewController.swift */; };
		ED70EDB01FAA262000F23E8A /* Main.storyboard in Resources */ = {isa = PBXBuildFile; fileRef = ED70EDAE1FAA262000F23E8A /* Main.storyboard */; };
		ED70EDB21FAA262000F23E8A /* Assets.xcassets in Resources */ = {isa = PBXBuildFile; fileRef = ED70EDB11FAA262000F23E8A /* Assets.xcassets */; };
		ED70EDB51FAA262000F23E8A /* LaunchScreen.storyboard in Resources */ = {isa = PBXBuildFile; fileRef = ED70EDB31FAA262000F23E8A /* LaunchScreen.storyboard */; };
		ED70EDCA1FAA444400F23E8A /* img6.png in Resources */ = {isa = PBXBuildFile; fileRef = ED70EDC71FAA444200F23E8A /* img6.png */; };
		ED70EDCB1FAA444400F23E8A /* img4.png in Resources */ = {isa = PBXBuildFile; fileRef = ED70EDC81FAA444300F23E8A /* img4.png */; };
		ED70EDCC1FAA444400F23E8A /* img5.png in Resources */ = {isa = PBXBuildFile; fileRef = ED70EDC91FAA444400F23E8A /* img5.png */; };
		ED70EDD11FAA469800F23E8A /* img2.png in Resources */ = {isa = PBXBuildFile; fileRef = ED70EDCE1FAA469600F23E8A /* img2.png */; };
		ED70EDD21FAA469800F23E8A /* img3.png in Resources */ = {isa = PBXBuildFile; fileRef = ED70EDCF1FAA469700F23E8A /* img3.png */; };
		ED70EDD41FAA46F000F23E8A /* img1.png in Resources */ = {isa = PBXBuildFile; fileRef = ED70EDD31FAA46F000F23E8A /* img1.png */; };
		ED70EDDE1FAA4CFE00F23E8A /* img7.png in Resources */ = {isa = PBXBuildFile; fileRef = ED70EDD51FAA4CF500F23E8A /* img7.png */; };
		ED70EDDF1FAA4CFE00F23E8A /* img14.png in Resources */ = {isa = PBXBuildFile; fileRef = ED70EDD61FAA4CF600F23E8A /* img14.png */; };
		ED70EDE01FAA4CFE00F23E8A /* img15.png in Resources */ = {isa = PBXBuildFile; fileRef = ED70EDD71FAA4CF700F23E8A /* img15.png */; };
		ED70EDE11FAA4CFE00F23E8A /* img9.png in Resources */ = {isa = PBXBuildFile; fileRef = ED70EDD81FAA4CF800F23E8A /* img9.png */; };
		ED70EDE21FAA4CFE00F23E8A /* img12.png in Resources */ = {isa = PBXBuildFile; fileRef = ED70EDD91FAA4CF900F23E8A /* img12.png */; };
		ED70EDE31FAA4CFE00F23E8A /* img8.png in Resources */ = {isa = PBXBuildFile; fileRef = ED70EDDA1FAA4CFA00F23E8A /* img8.png */; };
		ED70EDE41FAA4CFE00F23E8A /* img13.png in Resources */ = {isa = PBXBuildFile; fileRef = ED70EDDB1FAA4CFB00F23E8A /* img13.png */; };
		ED70EDE51FAA4CFE00F23E8A /* img10.png in Resources */ = {isa = PBXBuildFile; fileRef = ED70EDDC1FAA4CFC00F23E8A /* img10.png */; };
		ED70EDE61FAA4CFE00F23E8A /* img11.png in Resources */ = {isa = PBXBuildFile; fileRef = ED70EDDD1FAA4CFD00F23E8A /* img11.png */; };
		ED70EDEF1FAA50C400F23E8A /* img19.png in Resources */ = {isa = PBXBuildFile; fileRef = ED70EDE71FAA50B200F23E8A /* img19.png */; };
		ED70EDF01FAA50C400F23E8A /* img24.png in Resources */ = {isa = PBXBuildFile; fileRef = ED70EDE81FAA50B400F23E8A /* img24.png */; };
		ED70EDF11FAA50C400F23E8A /* img23.png in Resources */ = {isa = PBXBuildFile; fileRef = ED70EDE91FAA50B600F23E8A /* img23.png */; };
		ED70EDF21FAA50C400F23E8A /* img16.png in Resources */ = {isa = PBXBuildFile; fileRef = ED70EDEA1FAA50B800F23E8A /* img16.png */; };
		ED70EDF31FAA50C400F23E8A /* img17.png in Resources */ = {isa = PBXBuildFile; fileRef = ED70EDEB1FAA50BA00F23E8A /* img17.png */; };
		ED70EDF41FAA50C400F23E8A /* img18.png in Resources */ = {isa = PBXBuildFile; fileRef = ED70EDEC1FAA50BD00F23E8A /* img18.png */; };
		ED70EDF51FAA50C400F23E8A /* img20.png in Resources */ = {isa = PBXBuildFile; fileRef = ED70EDED1FAA50BF00F23E8A /* img20.png */; };
		ED70EDF61FAA50C400F23E8A /* img22.png in Resources */ = {isa = PBXBuildFile; fileRef = ED70EDEE1FAA50C200F23E8A /* img22.png */; };
		ED70EDF81FAA519100F23E8A /* img21.png in Resources */ = {isa = PBXBuildFile; fileRef = ED70EDF71FAA518E00F23E8A /* img21.png */; };
/* End PBXBuildFile section */

/* Begin PBXFileReference section */
		ED70EDA71FAA262000F23E8A /* Homework3-1.app */ = {isa = PBXFileReference; explicitFileType = wrapper.application; includeInIndex = 0; path = "Homework3-1.app"; sourceTree = BUILT_PRODUCTS_DIR; };
		ED70EDAA1FAA262000F23E8A /* AppDelegate.swift */ = {isa = PBXFileReference; lastKnownFileType = sourcecode.swift; path = AppDelegate.swift; sourceTree = "<group>"; };
		ED70EDAC1FAA262000F23E8A /* ViewController.swift */ = {isa = PBXFileReference; lastKnownFileType = sourcecode.swift; path = ViewController.swift; sourceTree = "<group>"; };
		ED70EDAF1FAA262000F23E8A /* Base */ = {isa = PBXFileReference; lastKnownFileType = file.storyboard; name = Base; path = Base.lproj/Main.storyboard; sourceTree = "<group>"; };
		ED70EDB11FAA262000F23E8A /* Assets.xcassets */ = {isa = PBXFileReference; lastKnownFileType = folder.assetcatalog; path = Assets.xcassets; sourceTree = "<group>"; };
		ED70EDB41FAA262000F23E8A /* Base */ = {isa = PBXFileReference; lastKnownFileType = file.storyboard; name = Base; path = Base.lproj/LaunchScreen.storyboard; sourceTree = "<group>"; };
		ED70EDB61FAA262000F23E8A /* Info.plist */ = {isa = PBXFileReference; lastKnownFileType = text.plist.xml; path = Info.plist; sourceTree = "<group>"; };
		ED70EDC71FAA444200F23E8A /* img6.png */ = {isa = PBXFileReference; lastKnownFileType = image.png; path = img6.png; sourceTree = "<group>"; };
		ED70EDC81FAA444300F23E8A /* img4.png */ = {isa = PBXFileReference; lastKnownFileType = image.png; path = img4.png; sourceTree = "<group>"; };
		ED70EDC91FAA444400F23E8A /* img5.png */ = {isa = PBXFileReference; lastKnownFileType = image.png; path = img5.png; sourceTree = "<group>"; };
		ED70EDCE1FAA469600F23E8A /* img2.png */ = {isa = PBXFileReference; lastKnownFileType = image.png; path = img2.png; sourceTree = "<group>"; };
		ED70EDCF1FAA469700F23E8A /* img3.png */ = {isa = PBXFileReference; lastKnownFileType = image.png; path = img3.png; sourceTree = "<group>"; };
		ED70EDD31FAA46F000F23E8A /* img1.png */ = {isa = PBXFileReference; lastKnownFileType = image.png; path = img1.png; sourceTree = "<group>"; };
		ED70EDD51FAA4CF500F23E8A /* img7.png */ = {isa = PBXFileReference; lastKnownFileType = image.png; path = img7.png; sourceTree = "<group>"; };
		ED70EDD61FAA4CF600F23E8A /* img14.png */ = {isa = PBXFileReference; lastKnownFileType = image.png; path = img14.png; sourceTree = "<group>"; };
		ED70EDD71FAA4CF700F23E8A /* img15.png */ = {isa = PBXFileReference; lastKnownFileType = image.png; path = img15.png; sourceTree = "<group>"; };
		ED70EDD81FAA4CF800F23E8A /* img9.png */ = {isa = PBXFileReference; lastKnownFileType = image.png; path = img9.png; sourceTree = "<group>"; };
		ED70EDD91FAA4CF900F23E8A /* img12.png */ = {isa = PBXFileReference; lastKnownFileType = image.png; path = img12.png; sourceTree = "<group>"; };
		ED70EDDA1FAA4CFA00F23E8A /* img8.png */ = {isa = PBXFileReference; lastKnownFileType = image.png; path = img8.png; sourceTree = "<group>"; };
		ED70EDDB1FAA4CFB00F23E8A /* img13.png */ = {isa = PBXFileReference; lastKnownFileType = image.png; path = img13.png; sourceTree = "<group>"; };
		ED70EDDC1FAA4CFC00F23E8A /* img10.png */ = {isa = PBXFileReference; lastKnownFileType = image.png; path = img10.png; sourceTree = "<group>"; };
		ED70EDDD1FAA4CFD00F23E8A /* img11.png */ = {isa = PBXFileReference; lastKnownFileType = image.png; path = img11.png; sourceTree = "<group>"; };
		ED70EDE71FAA50B200F23E8A /* img19.png */ = {isa = PBXFileReference; lastKnownFileType = image.png; path = img19.png; sourceTree = "<group>"; };
		ED70EDE81FAA50B400F23E8A /* img24.png */ = {isa = PBXFileReference; lastKnownFileType = image.png; path = img24.png; sourceTree = "<group>"; };
		ED70EDE91FAA50B600F23E8A /* img23.png */ = {isa = PBXFileReference; lastKnownFileType = image.png; path = img23.png; sourceTree = "<group>"; };
		ED70EDEA1FAA50B800F23E8A /* img16.png */ = {isa = PBXFileReference; lastKnownFileType = image.png; path = img16.png; sourceTree = "<group>"; };
		ED70EDEB1FAA50BA00F23E8A /* img17.png */ = {isa = PBXFileReference; lastKnownFileType = image.png; path = img17.png; sourceTree = "<group>"; };
		ED70EDEC1FAA50BD00F23E8A /* img18.png */ = {isa = PBXFileReference; lastKnownFileType = image.png; path = img18.png; sourceTree = "<group>"; };
		ED70EDED1FAA50BF00F23E8A /* img20.png */ = {isa = PBXFileReference; lastKnownFileType = image.png; path = img20.png; sourceTree = "<group>"; };
		ED70EDEE1FAA50C200F23E8A /* img22.png */ = {isa = PBXFileReference; lastKnownFileType = image.png; path = img22.png; sourceTree = "<group>"; };
		ED70EDF71FAA518E00F23E8A /* img21.png */ = {isa = PBXFileReference; lastKnownFileType = image.png; path = img21.png; sourceTree = "<group>"; };
/* End PBXFileReference section */

/* Begin PBXFrameworksBuildPhase section */
		ED70EDA41FAA262000F23E8A /* Frameworks */ = {
			isa = PBXFrameworksBuildPhase;
			buildActionMask = 2147483647;
			files = (
			);
			runOnlyForDeploymentPostprocessing = 0;
		};
/* End PBXFrameworksBuildPhase section */

/* Begin PBXGroup section */
		ED70ED9E1FAA262000F23E8A = {
			isa = PBXGroup;
			children = (
				ED70EDA91FAA262000F23E8A /* Homework3-1 */,
				ED70EDA81FAA262000F23E8A /* Products */,
			);
			sourceTree = "<group>";
		};
		ED70EDA81FAA262000F23E8A /* Products */ = {
			isa = PBXGroup;
			children = (
				ED70EDA71FAA262000F23E8A /* Homework3-1.app */,
			);
			name = Products;
			sourceTree = "<group>";
		};
		ED70EDA91FAA262000F23E8A /* Homework3-1 */ = {
			isa = PBXGroup;
			children = (
				ED70EDBC1FAA2DF400F23E8A /* imgaes */,
				ED70EDAA1FAA262000F23E8A /* AppDelegate.swift */,
				ED70EDAC1FAA262000F23E8A /* ViewController.swift */,
				ED70EDAE1FAA262000F23E8A /* Main.storyboard */,
				ED70EDB11FAA262000F23E8A /* Assets.xcassets */,
				ED70EDB31FAA262000F23E8A /* LaunchScreen.storyboard */,
				ED70EDB61FAA262000F23E8A /* Info.plist */,
			);
			path = "Homework3-1";
			sourceTree = "<group>";
		};
		ED70EDBC1FAA2DF400F23E8A /* imgaes */ = {
			isa = PBXGroup;
			children = (
				ED70EDF71FAA518E00F23E8A /* img21.png */,
				ED70EDEA1FAA50B800F23E8A /* img16.png */,
				ED70EDEB1FAA50BA00F23E8A /* img17.png */,
				ED70EDEC1FAA50BD00F23E8A /* img18.png */,
				ED70EDE71FAA50B200F23E8A /* img19.png */,
				ED70EDED1FAA50BF00F23E8A /* img20.png */,
				ED70EDEE1FAA50C200F23E8A /* img22.png */,
				ED70EDE91FAA50B600F23E8A /* img23.png */,
				ED70EDE81FAA50B400F23E8A /* img24.png */,
				ED70EDD51FAA4CF500F23E8A /* img7.png */,
				ED70EDDA1FAA4CFA00F23E8A /* img8.png */,
				ED70EDD81FAA4CF800F23E8A /* img9.png */,
				ED70EDDC1FAA4CFC00F23E8A /* img10.png */,
				ED70EDDD1FAA4CFD00F23E8A /* img11.png */,
				ED70EDD91FAA4CF900F23E8A /* img12.png */,
				ED70EDDB1FAA4CFB00F23E8A /* img13.png */,
				ED70EDD61FAA4CF600F23E8A /* img14.png */,
				ED70EDD71FAA4CF700F23E8A /* img15.png */,
				ED70EDD31FAA46F000F23E8A /* img1.png */,
				ED70EDCE1FAA469600F23E8A /* img2.png */,
				ED70EDCF1FAA469700F23E8A /* img3.png */,
				ED70EDC81FAA444300F23E8A /* img4.png */,
				ED70EDC91FAA444400F23E8A /* img5.png */,
				ED70EDC71FAA444200F23E8A /* img6.png */,
			);
			path = imgaes;
			sourceTree = "<group>";
		};
/* End PBXGroup section */

/* Begin PBXNativeTarget section */
		ED70EDA61FAA262000F23E8A /* Homework3-1 */ = {
			isa = PBXNativeTarget;
			buildConfigurationList = ED70EDB91FAA262000F23E8A /* Build configuration list for PBXNativeTarget "Homework3-1" */;
			buildPhases = (
				ED70EDA31FAA262000F23E8A /* Sources */,
				ED70EDA41FAA262000F23E8A /* Frameworks */,
				ED70EDA51FAA262000F23E8A /* Resources */,
			);
			buildRules = (
			);
			dependencies = (
			);
			name = "Homework3-1";
			productName = "Homework3-1";
			productReference = ED70EDA71FAA262000F23E8A /* Homework3-1.app */;
			productType = "com.apple.product-type.application";
		};
/* End PBXNativeTarget section */

/* Begin PBXProject section */
		ED70ED9F1FAA262000F23E8A /* Project object */ = {
			isa = PBXProject;
			attributes = {
				LastSwiftUpdateCheck = 0900;
				LastUpgradeCheck = 0900;
				ORGANIZATIONNAME = yomi;
				TargetAttributes = {
					ED70EDA61FAA262000F23E8A = {
						CreatedOnToolsVersion = 9.0;
						ProvisioningStyle = Automatic;
					};
				};
			};
			buildConfigurationList = ED70EDA21FAA262000F23E8A /* Build configuration list for PBXProject "Homework3-1" */;
			compatibilityVersion = "Xcode 8.0";
			developmentRegion = en;
			hasScannedForEncodings = 0;
			knownRegions = (
				en,
				Base,
			);
			mainGroup = ED70ED9E1FAA262000F23E8A;
			productRefGroup = ED70EDA81FAA262000F23E8A /* Products */;
			projectDirPath = "";
			projectRoot = "";
			targets = (
				ED70EDA61FAA262000F23E8A /* Homework3-1 */,
			);
		};
/* End PBXProject section */

/* Begin PBXResourcesBuildPhase section */
		ED70EDA51FAA262000F23E8A /* Resources */ = {
			isa = PBXResourcesBuildPhase;
			buildActionMask = 2147483647;
			files = (
				ED70EDE21FAA4CFE00F23E8A /* img12.png in Resources */,
				ED70EDB51FAA262000F23E8A /* LaunchScreen.storyboard in Resources */,
				ED70EDF41FAA50C400F23E8A /* img18.png in Resources */,
				ED70EDDE1FAA4CFE00F23E8A /* img7.png in Resources */,
				ED70EDCA1FAA444400F23E8A /* img6.png in Resources */,
				ED70EDD41FAA46F000F23E8A /* img1.png in Resources */,
				ED70EDF11FAA50C400F23E8A /* img23.png in Resources */,
				ED70EDD21FAA469800F23E8A /* img3.png in Resources */,
				ED70EDD11FAA469800F23E8A /* img2.png in Resources */,
				ED70EDF21FAA50C400F23E8A /* img16.png in Resources */,
				ED70EDF01FAA50C400F23E8A /* img24.png in Resources */,
				ED70EDE11FAA4CFE00F23E8A /* img9.png in Resources */,
				ED70EDCC1FAA444400F23E8A /* img5.png in Resources */,
				ED70EDE51FAA4CFE00F23E8A /* img10.png in Resources */,
				ED70EDCB1FAA444400F23E8A /* img4.png in Resources */,
				ED70EDB21FAA262000F23E8A /* Assets.xcassets in Resources */,
				ED70EDE31FAA4CFE00F23E8A /* img8.png in Resources */,
				ED70EDF81FAA519100F23E8A /* img21.png in Resources */,
				ED70EDEF1FAA50C400F23E8A /* img19.png in Resources */,
				ED70EDB01FAA262000F23E8A /* Main.storyboard in Resources */,
				ED70EDE41FAA4CFE00F23E8A /* img13.png in Resources */,
				ED70EDF51FAA50C400F23E8A /* img20.png in Resources */,
				ED70EDF31FAA50C400F23E8A /* img17.png in Resources */,
				ED70EDDF1FAA4CFE00F23E8A /* img14.png in Resources */,
				ED70EDE01FAA4CFE00F23E8A /* img15.png in Resources */,
				ED70EDE61FAA4CFE00F23E8A /* img11.png in Resources */,
				ED70EDF61FAA50C400F23E8A /* img22.png in Resources */,
			);
			runOnlyForDeploymentPostprocessing = 0;
		};
/* End PBXResourcesBuildPhase section */

/* Begin PBXSourcesBuildPhase section */
		ED70EDA31FAA262000F23E8A /* Sources */ = {
			isa = PBXSourcesBuildPhase;
			buildActionMask = 2147483647;
			files = (
				ED70EDAD1FAA262000F23E8A /* ViewController.swift in Sources */,
				ED70EDAB1FAA262000F23E8A /* AppDelegate.swift in Sources */,
			);
			runOnlyForDeploymentPostprocessing = 0;
		};
/* End PBXSourcesBuildPhase section */

/* Begin PBXVariantGroup section */
		ED70EDAE1FAA262000F23E8A /* Main.storyboard */ = {
			isa = PBXVariantGroup;
			children = (
				ED70EDAF1FAA262000F23E8A /* Base */,
			);
			name = Main.storyboard;
			sourceTree = "<group>";
		};
		ED70EDB31FAA262000F23E8A /* LaunchScreen.storyboard */ = {
			isa = PBXVariantGroup;
			children = (
				ED70EDB41FAA262000F23E8A /* Base */,
			);
			name = LaunchScreen.storyboard;
			sourceTree = "<group>";
		};
/* End PBXVariantGroup section */

/* Begin XCBuildConfiguration section */
		ED70EDB71FAA262000F23E8A /* Debug */ = {
			isa = XCBuildConfiguration;
			buildSettings = {
				ALWAYS_SEARCH_USER_PATHS = NO;
				CLANG_ANALYZER_NONNULL = YES;
				CLANG_ANALYZER_NUMBER_OBJECT_CONVERSION = YES_AGGRESSIVE;
				CLANG_CXX_LANGUAGE_STANDARD = "gnu++14";
				CLANG_CXX_LIBRARY = "libc++";
				CLANG_ENABLE_MODULES = YES;
				CLANG_ENABLE_OBJC_ARC = YES;
				CLANG_WARN_BLOCK_CAPTURE_AUTORELEASING = YES;
				CLANG_WARN_BOOL_CONVERSION = YES;
				CLANG_WARN_COMMA = YES;
				CLANG_WARN_CONSTANT_CONVERSION = YES;
				CLANG_WARN_DIRECT_OBJC_ISA_USAGE = YES_ERROR;
				CLANG_WARN_DOCUMENTATION_COMMENTS = YES;
				CLANG_WARN_EMPTY_BODY = YES;
				CLANG_WARN_ENUM_CONVERSION = YES;
				CLANG_WARN_INFINITE_RECURSION = YES;
				CLANG_WARN_INT_CONVERSION = YES;
				CLANG_WARN_NON_LITERAL_NULL_CONVERSION = YES;
				CLANG_WARN_OBJC_LITERAL_CONVERSION = YES;
				CLANG_WARN_OBJC_ROOT_CLASS = YES_ERROR;
				CLANG_WARN_RANGE_LOOP_ANALYSIS = YES;
				CLANG_WARN_STRICT_PROTOTYPES = YES;
				CLANG_WARN_SUSPICIOUS_MOVE = YES;
				CLANG_WARN_UNGUARDED_AVAILABILITY = YES_AGGRESSIVE;
				CLANG_WARN_UNREACHABLE_CODE = YES;
				CLANG_WARN__DUPLICATE_METHOD_MATCH = YES;
				CODE_SIGN_IDENTITY = "iPhone Developer";
				COPY_PHASE_STRIP = NO;
				DEBUG_INFORMATION_FORMAT = dwarf;
				ENABLE_STRICT_OBJC_MSGSEND = YES;
				ENABLE_TESTABILITY = YES;
				GCC_C_LANGUAGE_STANDARD = gnu11;
				GCC_DYNAMIC_NO_PIC = NO;
				GCC_NO_COMMON_BLOCKS = YES;
				GCC_OPTIMIZATION_LEVEL = 0;
				GCC_PREPROCESSOR_DEFINITIONS = (
					"DEBUG=1",
					"$(inherited)",
				);
				GCC_WARN_64_TO_32_BIT_CONVERSION = YES;
				GCC_WARN_ABOUT_RETURN_TYPE = YES_ERROR;
				GCC_WARN_UNDECLARED_SELECTOR = YES;
				GCC_WARN_UNINITIALIZED_AUTOS = YES_AGGRESSIVE;
				GCC_WARN_UNUSED_FUNCTION = YES;
				GCC_WARN_UNUSED_VARIABLE = YES;
				IPHONEOS_DEPLOYMENT_TARGET = 11.0;
				MTL_ENABLE_DEBUG_INFO = YES;
				ONLY_ACTIVE_ARCH = YES;
				SDKROOT = iphoneos;
				SWIFT_ACTIVE_COMPILATION_CONDITIONS = DEBUG;
				SWIFT_OPTIMIZATION_LEVEL = "-Onone";
			};
			name = Debug;
		};
		ED70EDB81FAA262000F23E8A /* Release */ = {
			isa = XCBuildConfiguration;
			buildSettings = {
				ALWAYS_SEARCH_USER_PATHS = NO;
				CLANG_ANALYZER_NONNULL = YES;
				CLANG_ANALYZER_NUMBER_OBJECT_CONVERSION = YES_AGGRESSIVE;
				CLANG_CXX_LANGUAGE_STANDARD = "gnu++14";
				CLANG_CXX_LIBRARY = "libc++";
				CLANG_ENABLE_MODULES = YES;
				CLANG_ENABLE_OBJC_ARC = YES;
				CLANG_WARN_BLOCK_CAPTURE_AUTORELEASING = YES;
				CLANG_WARN_BOOL_CONVERSION = YES;
				CLANG_WARN_COMMA = YES;
				CLANG_WARN_CONSTANT_CONVERSION = YES;
				CLANG_WARN_DIRECT_OBJC_ISA_USAGE = YES_ERROR;
				CLANG_WARN_DOCUMENTATION_COMMENTS = YES;
				CLANG_WARN_EMPTY_BODY = YES;
				CLANG_WARN_ENUM_CONVERSION = YES;
				CLANG_WARN_INFINITE_RECURSION = YES;
				CLANG_WARN_INT_CONVERSION = YES;
				CLANG_WARN_NON_LITERAL_NULL_CONVERSION = YES;
				CLANG_WARN_OBJC_LITERAL_CONVERSION = YES;
				CLANG_WARN_OBJC_ROOT_CLASS = YES_ERROR;
				CLANG_WARN_RANGE_LOOP_ANALYSIS = YES;
				CLANG_WARN_STRICT_PROTOTYPES = YES;
				CLANG_WARN_SUSPICIOUS_MOVE = YES;
				CLANG_WARN_UNGUARDED_AVAILABILITY = YES_AGGRESSIVE;
				CLANG_WARN_UNREACHABLE_CODE = YES;
				CLANG_WARN__DUPLICATE_METHOD_MATCH = YES;
				CODE_SIGN_IDENTITY = "iPhone Developer";
				COPY_PHASE_STRIP = NO;
				DEBUG_INFORMATION_FORMAT = "dwarf-with-dsym";
				ENABLE_NS_ASSERTIONS = NO;
				ENABLE_STRICT_OBJC_MSGSEND = YES;
				GCC_C_LANGUAGE_STANDARD = gnu11;
				GCC_NO_COMMON_BLOCKS = YES;
				GCC_WARN_64_TO_32_BIT_CONVERSION = YES;
				GCC_WARN_ABOUT_RETURN_TYPE = YES_ERROR;
				GCC_WARN_UNDECLARED_SELECTOR = YES;
				GCC_WARN_UNINITIALIZED_AUTOS = YES_AGGRESSIVE;
				GCC_WARN_UNUSED_FUNCTION = YES;
				GCC_WARN_UNUSED_VARIABLE = YES;
				IPHONEOS_DEPLOYMENT_TARGET = 11.0;
				MTL_ENABLE_DEBUG_INFO = NO;
				SDKROOT = iphoneos;
				SWIFT_OPTIMIZATION_LEVEL = "-Owholemodule";
				VALIDATE_PRODUCT = YES;
			};
			name = Release;
		};
		ED70EDBA1FAA262000F23E8A /* Debug */ = {
			isa = XCBuildConfiguration;
			buildSettings = {
				ASSETCATALOG_COMPILER_APPICON_NAME = AppIcon;
				CODE_SIGN_STYLE = Automatic;
				DEVELOPMENT_TEAM = E4X2Y9E7BF;
				INFOPLIST_FILE = "Homework3-1/Info.plist";
				LD_RUNPATH_SEARCH_PATHS = "$(inherited) @executable_path/Frameworks";
				PRODUCT_BUNDLE_IDENTIFIER = "com.lesson.Homework3-1";
				PRODUCT_NAME = "$(TARGET_NAME)";
				SWIFT_VERSION = 4.0;
				TARGETED_DEVICE_FAMILY = "1,2";
			};
			name = Debug;
		};
		ED70EDBB1FAA262000F23E8A /* Release */ = {
			isa = XCBuildConfiguration;
			buildSettings = {
				ASSETCATALOG_COMPILER_APPICON_NAME = AppIcon;
				CODE_SIGN_STYLE = Automatic;
				DEVELOPMENT_TEAM = E4X2Y9E7BF;
				INFOPLIST_FILE = "Homework3-1/Info.plist";
				LD_RUNPATH_SEARCH_PATHS = "$(inherited) @executable_path/Frameworks";
				PRODUCT_BUNDLE_IDENTIFIER = "com.lesson.Homework3-1";
				PRODUCT_NAME = "$(TARGET_NAME)";
				SWIFT_VERSION = 4.0;
				TARGETED_DEVICE_FAMILY = "1,2";
			};
			name = Release;
		};
/* End XCBuildConfiguration section */

/* Begin XCConfigurationList section */
		ED70EDA21FAA262000F23E8A /* Build configuration list for PBXProject "Homework3-1" */ = {
			isa = XCConfigurationList;
			buildConfigurations = (
				ED70EDB71FAA262000F23E8A /* Debug */,
				ED70EDB81FAA262000F23E8A /* Release */,
			);
			defaultConfigurationIsVisible = 0;
			defaultConfigurationName = Release;
		};
		ED70EDB91FAA262000F23E8A /* Build configuration list for PBXNativeTarget "Homework3-1" */ = {
			isa = XCConfigurationList;
			buildConfigurations = (
				ED70EDBA1FAA262000F23E8A /* Debug */,
				ED70EDBB1FAA262000F23E8A /* Release */,
			);
			defaultConfigurationIsVisible = 0;
			defaultConfigurationName = Release;
		};
/* End XCConfigurationList section */
	};
	rootObject = ED70ED9F1FAA262000F23E8A /* Project object */;
}
